
Microsoft Visual Studio Solution File, Format Version 12.00
# Visual Studio Version 17
VisualStudioVersion = 17.10.34916.146
MinimumVisualStudioVersion = 10.0.40219.1
Project("{FAE04EC0-301F-11D3-BF4B-00C04F79EFBC}") = "RoadBuilder", "RoadBuilder\RoadBuilder.csproj", "{DB773775-F52B-4365-9ECE-8BC147BBA629}"
EndProject
Global
	GlobalSection(SolutionConfigurationPlatforms) = preSolution
		Debug|Any CPU = Debug|Any CPU
		Release|Any CPU = Release|Any CPU
	EndGlobalSection
	GlobalSection(ProjectConfigurationPlatforms) = postSolution
		{DB773775-F52B-4365-9ECE-8BC147BBA629}.Debug|Any CPU.ActiveCfg = Debug|Any CPU
		{DB773775-F52B-4365-9ECE-8BC147BBA629}.Debug|Any CPU.Build.0 = Debug|Any CPU
		{DB773775-F52B-4365-9ECE-8BC147BBA629}.Release|Any CPU.ActiveCfg = Release|Any CPU
		{DB773775-F52B-4365-9ECE-8BC147BBA629}.Release|Any CPU.Build.0 = Release|Any CPU
	EndGlobalSection
	GlobalSection(SolutionProperties) = preSolution
		HideSolutionNode = FALSE
	EndGlobalSection
	GlobalSection(ExtensibilityGlobals) = postSolution
		SolutionGuid = {9BCC89BB-1B81-40F7-B59E-79CD81AE0ACA}
	EndGlobalSection
EndGlobal
